
Microsoft Visual Studio Solution File, Format Version 12.00
# Visual Studio Version 16
VisualStudioVersion = 16.0.31729.503
MinimumVisualStudioVersion = 10.0.40219.1
Project("{FAE04EC0-301F-11D3-BF4B-00C04F79EFBC}") = "Challenge3", "Challenge3\Challenge3.csproj", "{8A78A98F-FB63-47AC-A9F4-CAD665945D11}"
EndProject
Project("{FAE04EC0-301F-11D3-BF4B-00C04F79EFBC}") = "BadgeRepo", "BadgeRepo\BadgeRepo.csproj", "{19F1DA27-B64F-4C59-9A99-4D5D61E0364B}"
EndProject
Project("{FAE04EC0-301F-11D3-BF4B-00C04F79EFBC}") = "UnitTestProject1", "UnitTestProject1\UnitTestProject1.csproj", "{256CAC86-2A30-416C-99DC-2895699EE0F1}"
EndProject
Global
	GlobalSection(SolutionConfigurationPlatforms) = preSolution
		Debug|Any CPU = Debug|Any CPU
		Release|Any CPU = Release|Any CPU
	EndGlobalSection
	GlobalSection(ProjectConfigurationPlatforms) = postSolution
		{8A78A98F-FB63-47AC-A9F4-CAD665945D11}.Debug|Any CPU.ActiveCfg = Debug|Any CPU
		{8A78A98F-FB63-47AC-A9F4-CAD665945D11}.Debug|Any CPU.Build.0 = Debug|Any CPU
		{8A78A98F-FB63-47AC-A9F4-CAD665945D11}.Release|Any CPU.ActiveCfg = Release|Any CPU
		{8A78A98F-FB63-47AC-A9F4-CAD665945D11}.Release|Any CPU.Build.0 = Release|Any CPU
		{19F1DA27-B64F-4C59-9A99-4D5D61E0364B}.Debug|Any CPU.ActiveCfg = Debug|Any CPU
		{19F1DA27-B64F-4C59-9A99-4D5D61E0364B}.Debug|Any CPU.Build.0 = Debug|Any CPU
		{19F1DA27-B64F-4C59-9A99-4D5D61E0364B}.Release|Any CPU.ActiveCfg = Release|Any CPU
		{19F1DA27-B64F-4C59-9A99-4D5D61E0364B}.Release|Any CPU.Build.0 = Release|Any CPU
		{256CAC86-2A30-416C-99DC-2895699EE0F1}.Debug|Any CPU.ActiveCfg = Debug|Any CPU
		{256CAC86-2A30-416C-99DC-2895699EE0F1}.Debug|Any CPU.Build.0 = Debug|Any CPU
		{256CAC86-2A30-416C-99DC-2895699EE0F1}.Release|Any CPU.ActiveCfg = Release|Any CPU
		{256CAC86-2A30-416C-99DC-2895699EE0F1}.Release|Any CPU.Build.0 = Release|Any CPU
	EndGlobalSection
	GlobalSection(SolutionProperties) = preSolution
		HideSolutionNode = FALSE
	EndGlobalSection
	GlobalSection(ExtensibilityGlobals) = postSolution
		SolutionGuid = {1DBF7017-4A16-4E0E-9052-50C1152A87DC}
	EndGlobalSection
EndGlobal
